// !$*UTF8*$!
{
	archiveVersion = 1;
	classes = {
	};
	objectVersion = 48;
	objects = {

/* Begin PBXBuildFile section */
		180500261FA8196300644FF4 /* CustomCalloutView.xib in Resources */ = {isa = PBXBuildFile; fileRef = 180500241FA8196200644FF4 /* CustomCalloutView.xib */; };
		180500271FA8196300644FF4 /* CustomCalloutView.swift in Sources */ = {isa = PBXBuildFile; fileRef = 180500251FA8196300644FF4 /* CustomCalloutView.swift */; };
		180500291FA901CF00644FF4 /* AnnotationView.swift in Sources */ = {isa = PBXBuildFile; fileRef = 180500281FA901CF00644FF4 /* AnnotationView.swift */; };
		1805002B1FAF978100644FF4 /* WayPointTableViewController.swift in Sources */ = {isa = PBXBuildFile; fileRef = 1805002A1FAF978100644FF4 /* WayPointTableViewController.swift */; };
		1805002D1FAF9AFF00644FF4 /* WayPointCustomTableCell.swift in Sources */ = {isa = PBXBuildFile; fileRef = 1805002C1FAF9AFF00644FF4 /* WayPointCustomTableCell.swift */; };
		1805002F1FAFCBCE00644FF4 /* WayPointCustomTableCellData.swift in Sources */ = {isa = PBXBuildFile; fileRef = 1805002E1FAFCBCE00644FF4 /* WayPointCustomTableCellData.swift */; };
		1806DD951FE4633300F552EB /* LoginViewController.swift in Sources */ = {isa = PBXBuildFile; fileRef = 1806DD941FE4633300F552EB /* LoginViewController.swift */; };
		184D23461FB7CEF2005D0BA8 /* WaypointEnums.swift in Sources */ = {isa = PBXBuildFile; fileRef = 184D23451FB7CEF2005D0BA8 /* WaypointEnums.swift */; };
		184D23481FB8FDDE005D0BA8 /* Helpers.swift in Sources */ = {isa = PBXBuildFile; fileRef = 184D23471FB8FDDE005D0BA8 /* Helpers.swift */; };
		184D234A1FBB3F60005D0BA8 /* SettingsTableViewController.swift in Sources */ = {isa = PBXBuildFile; fileRef = 184D23491FBB3F60005D0BA8 /* SettingsTableViewController.swift */; };
		184D234C1FBB46F7005D0BA8 /* SettingsAircraftTableViewController.swift in Sources */ = {isa = PBXBuildFile; fileRef = 184D234B1FBB46F7005D0BA8 /* SettingsAircraftTableViewController.swift */; };
		184D234E1FBB4716005D0BA8 /* SettingsDisplayHistoryTableViewController.swift in Sources */ = {isa = PBXBuildFile; fileRef = 184D234D1FBB4716005D0BA8 /* SettingsDisplayHistoryTableViewController.swift */; };
		184D23501FBBA091005D0BA8 /* GoogleService-Info.plist in Resources */ = {isa = PBXBuildFile; fileRef = 184D234F1FBBA090005D0BA8 /* GoogleService-Info.plist */; };
		185355A81FB26C6200D169BF /* WayPointPhotoViewController.swift in Sources */ = {isa = PBXBuildFile; fileRef = 185355A71FB26C6200D169BF /* WayPointPhotoViewController.swift */; };
		1873F2D11FB53DB600570C24 /* AddWaypointTableViewController.swift in Sources */ = {isa = PBXBuildFile; fileRef = 1873F2D01FB53DB600570C24 /* AddWaypointTableViewController.swift */; };
		189EB9DC1F95471D00BBDF90 /* AppDelegate.swift in Sources */ = {isa = PBXBuildFile; fileRef = 189EB9DB1F95471D00BBDF90 /* AppDelegate.swift */; };
		189EB9E11F95471D00BBDF90 /* Main.storyboard in Resources */ = {isa = PBXBuildFile; fileRef = 189EB9DF1F95471D00BBDF90 /* Main.storyboard */; };
		189EB9E41F95471D00BBDF90 /* WayPoints.xcdatamodeld in Sources */ = {isa = PBXBuildFile; fileRef = 189EB9E21F95471D00BBDF90 /* WayPoints.xcdatamodeld */; };
		189EB9E61F95471D00BBDF90 /* Assets.xcassets in Resources */ = {isa = PBXBuildFile; fileRef = 189EB9E51F95471D00BBDF90 /* Assets.xcassets */; };
		189EB9E91F95471D00BBDF90 /* LaunchScreen.storyboard in Resources */ = {isa = PBXBuildFile; fileRef = 189EB9E71F95471D00BBDF90 /* LaunchScreen.storyboard */; };
		18D7AF081F9945500087B9E6 /* MapViewViewController.swift in Sources */ = {isa = PBXBuildFile; fileRef = 18D7AF071F9945500087B9E6 /* MapViewViewController.swift */; };
		18D7AF0C1F9A6C1C0087B9E6 /* WayPointAnnotation.swift in Sources */ = {isa = PBXBuildFile; fileRef = 18D7AF0B1F9A6C1C0087B9E6 /* WayPointAnnotation.swift */; };
		1DA68FCDA61D9C67C88A0B02 /* Pods_WayPoints.framework in Frameworks */ = {isa = PBXBuildFile; fileRef = 0DEBC445BA4A3A4B197994E2 /* Pods_WayPoints.framework */; };
/* End PBXBuildFile section */

/* Begin PBXFileReference section */
		0DEBC445BA4A3A4B197994E2 /* Pods_WayPoints.framework */ = {isa = PBXFileReference; explicitFileType = wrapper.framework; includeInIndex = 0; path = Pods_WayPoints.framework; sourceTree = BUILT_PRODUCTS_DIR; };
		180500241FA8196200644FF4 /* CustomCalloutView.xib */ = {isa = PBXFileReference; fileEncoding = 4; lastKnownFileType = file.xib; path = CustomCalloutView.xib; sourceTree = "<group>"; };
		180500251FA8196300644FF4 /* CustomCalloutView.swift */ = {isa = PBXFileReference; fileEncoding = 4; lastKnownFileType = sourcecode.swift; path = CustomCalloutView.swift; sourceTree = "<group>"; };
		180500281FA901CF00644FF4 /* AnnotationView.swift */ = {isa = PBXFileReference; lastKnownFileType = sourcecode.swift; path = AnnotationView.swift; sourceTree = "<group>"; };
		1805002A1FAF978100644FF4 /* WayPointTableViewController.swift */ = {isa = PBXFileReference; lastKnownFileType = sourcecode.swift; path = WayPointTableViewController.swift; sourceTree = "<group>"; };
		1805002C1FAF9AFF00644FF4 /* WayPointCustomTableCell.swift */ = {isa = PBXFileReference; lastKnownFileType = sourcecode.swift; path = WayPointCustomTableCell.swift; sourceTree = "<group>"; };
		1805002E1FAFCBCE00644FF4 /* WayPointCustomTableCellData.swift */ = {isa = PBXFileReference; lastKnownFileType = sourcecode.swift; path = WayPointCustomTableCellData.swift; sourceTree = "<group>"; };
		1806DD931FE4566200F552EB /* WayPoints.entitlements */ = {isa = PBXFileReference; lastKnownFileType = text.plist.entitlements; path = WayPoints.entitlements; sourceTree = "<group>"; };
		1806DD941FE4633300F552EB /* LoginViewController.swift */ = {isa = PBXFileReference; lastKnownFileType = sourcecode.swift; path = LoginViewController.swift; sourceTree = "<group>"; };
		184D23451FB7CEF2005D0BA8 /* WaypointEnums.swift */ = {isa = PBXFileReference; lastKnownFileType = sourcecode.swift; path = WaypointEnums.swift; sourceTree = "<group>"; };
		184D23471FB8FDDE005D0BA8 /* Helpers.swift */ = {isa = PBXFileReference; lastKnownFileType = sourcecode.swift; path = Helpers.swift; sourceTree = "<group>"; };
		184D23491FBB3F60005D0BA8 /* SettingsTableViewController.swift */ = {isa = PBXFileReference; lastKnownFileType = sourcecode.swift; path = SettingsTableViewController.swift; sourceTree = "<group>"; };
		184D234B1FBB46F7005D0BA8 /* SettingsAircraftTableViewController.swift */ = {isa = PBXFileReference; lastKnownFileType = sourcecode.swift; path = SettingsAircraftTableViewController.swift; sourceTree = "<group>"; };
		184D234D1FBB4716005D0BA8 /* SettingsDisplayHistoryTableViewController.swift */ = {isa = PBXFileReference; lastKnownFileType = sourcecode.swift; path = SettingsDisplayHistoryTableViewController.swift; sourceTree = "<group>"; };
		184D234F1FBBA090005D0BA8 /* GoogleService-Info.plist */ = {isa = PBXFileReference; fileEncoding = 4; lastKnownFileType = text.plist.xml; path = "GoogleService-Info.plist"; sourceTree = "<group>"; };
		185355A71FB26C6200D169BF /* WayPointPhotoViewController.swift */ = {isa = PBXFileReference; lastKnownFileType = sourcecode.swift; path = WayPointPhotoViewController.swift; sourceTree = "<group>"; };
		1873F2D01FB53DB600570C24 /* AddWaypointTableViewController.swift */ = {isa = PBXFileReference; lastKnownFileType = sourcecode.swift; path = AddWaypointTableViewController.swift; sourceTree = "<group>"; };
		189EB9D81F95471D00BBDF90 /* WayPoints.app */ = {isa = PBXFileReference; explicitFileType = wrapper.application; includeInIndex = 0; path = WayPoints.app; sourceTree = BUILT_PRODUCTS_DIR; };
		189EB9DB1F95471D00BBDF90 /* AppDelegate.swift */ = {isa = PBXFileReference; lastKnownFileType = sourcecode.swift; path = AppDelegate.swift; sourceTree = "<group>"; };
		189EB9E01F95471D00BBDF90 /* Base */ = {isa = PBXFileReference; lastKnownFileType = file.storyboard; name = Base; path = Base.lproj/Main.storyboard; sourceTree = "<group>"; };
		189EB9E31F95471D00BBDF90 /* WayPoints.xcdatamodel */ = {isa = PBXFileReference; lastKnownFileType = wrapper.xcdatamodel; path = WayPoints.xcdatamodel; sourceTree = "<group>"; };
		189EB9E51F95471D00BBDF90 /* Assets.xcassets */ = {isa = PBXFileReference; lastKnownFileType = folder.assetcatalog; path = Assets.xcassets; sourceTree = "<group>"; };
		189EB9E81F95471D00BBDF90 /* Base */ = {isa = PBXFileReference; lastKnownFileType = file.storyboard; name = Base; path = Base.lproj/LaunchScreen.storyboard; sourceTree = "<group>"; };
		189EB9EA1F95471D00BBDF90 /* Info.plist */ = {isa = PBXFileReference; lastKnownFileType = text.plist.xml; path = Info.plist; sourceTree = "<group>"; };
		18D7AF071F9945500087B9E6 /* MapViewViewController.swift */ = {isa = PBXFileReference; lastKnownFileType = sourcecode.swift; path = MapViewViewController.swift; sourceTree = "<group>"; };
		18D7AF0B1F9A6C1C0087B9E6 /* WayPointAnnotation.swift */ = {isa = PBXFileReference; lastKnownFileType = sourcecode.swift; path = WayPointAnnotation.swift; sourceTree = "<group>"; };
		61741BB6FC7704E33566E738 /* Pods-WayPoints.release.xcconfig */ = {isa = PBXFileReference; includeInIndex = 1; lastKnownFileType = text.xcconfig; name = "Pods-WayPoints.release.xcconfig"; path = "Pods/Target Support Files/Pods-WayPoints/Pods-WayPoints.release.xcconfig"; sourceTree = "<group>"; };
		7A045CAB13D3295B3FF213A5 /* Pods-WayPoints.debug.xcconfig */ = {isa = PBXFileReference; includeInIndex = 1; lastKnownFileType = text.xcconfig; name = "Pods-WayPoints.debug.xcconfig"; path = "Pods/Target Support Files/Pods-WayPoints/Pods-WayPoints.debug.xcconfig"; sourceTree = "<group>"; };
/* End PBXFileReference section */

/* Begin PBXFrameworksBuildPhase section */
		189EB9D51F95471D00BBDF90 /* Frameworks */ = {
			isa = PBXFrameworksBuildPhase;
			buildActionMask = 2147483647;
			files = (
				1DA68FCDA61D9C67C88A0B02 /* Pods_WayPoints.framework in Frameworks */,
			);
			runOnlyForDeploymentPostprocessing = 0;
		};
/* End PBXFrameworksBuildPhase section */

/* Begin PBXGroup section */
		189EB9CF1F95471D00BBDF90 = {
			isa = PBXGroup;
			children = (
				189EB9DA1F95471D00BBDF90 /* WayPoints */,
				189EB9D91F95471D00BBDF90 /* Products */,
				E1CA5B2876B10EEB115264D0 /* Pods */,
				CCA6ECB6D15E7622A59B55B6 /* Frameworks */,
			);
			sourceTree = "<group>";
		};
		189EB9D91F95471D00BBDF90 /* Products */ = {
			isa = PBXGroup;
			children = (
				189EB9D81F95471D00BBDF90 /* WayPoints.app */,
			);
			name = Products;
			sourceTree = "<group>";
		};
		189EB9DA1F95471D00BBDF90 /* WayPoints */ = {
			isa = PBXGroup;
			children = (
				1806DD931FE4566200F552EB /* WayPoints.entitlements */,
				184D234F1FBBA090005D0BA8 /* GoogleService-Info.plist */,
				180500281FA901CF00644FF4 /* AnnotationView.swift */,
				180500241FA8196200644FF4 /* CustomCalloutView.xib */,
				180500251FA8196300644FF4 /* CustomCalloutView.swift */,
				1873F2D01FB53DB600570C24 /* AddWaypointTableViewController.swift */,
				18D7AF071F9945500087B9E6 /* MapViewViewController.swift */,
				189EB9DF1F95471D00BBDF90 /* Main.storyboard */,
				1806DD941FE4633300F552EB /* LoginViewController.swift */,
				189EB9E71F95471D00BBDF90 /* LaunchScreen.storyboard */,
				184D23491FBB3F60005D0BA8 /* SettingsTableViewController.swift */,
				184D234B1FBB46F7005D0BA8 /* SettingsAircraftTableViewController.swift */,
				184D234D1FBB4716005D0BA8 /* SettingsDisplayHistoryTableViewController.swift */,
				18D7AF0B1F9A6C1C0087B9E6 /* WayPointAnnotation.swift */,
				1805002A1FAF978100644FF4 /* WayPointTableViewController.swift */,
				1805002C1FAF9AFF00644FF4 /* WayPointCustomTableCell.swift */,
				1805002E1FAFCBCE00644FF4 /* WayPointCustomTableCellData.swift */,
				185355A71FB26C6200D169BF /* WayPointPhotoViewController.swift */,
				184D23471FB8FDDE005D0BA8 /* Helpers.swift */,
				184D23451FB7CEF2005D0BA8 /* WaypointEnums.swift */,
				189EB9EA1F95471D00BBDF90 /* Info.plist */,
				189EB9F01F954A4200BBDF90 /* Supporting Files */,
			);
			path = WayPoints;
			sourceTree = "<group>";
		};
		189EB9F01F954A4200BBDF90 /* Supporting Files */ = {
			isa = PBXGroup;
			children = (
				189EB9DB1F95471D00BBDF90 /* AppDelegate.swift */,
				189EB9E51F95471D00BBDF90 /* Assets.xcassets */,
				189EB9E21F95471D00BBDF90 /* WayPoints.xcdatamodeld */,
			);
			path = "Supporting Files";
			sourceTree = "<group>";
		};
		CCA6ECB6D15E7622A59B55B6 /* Frameworks */ = {
			isa = PBXGroup;
			children = (
				0DEBC445BA4A3A4B197994E2 /* Pods_WayPoints.framework */,
			);
			name = Frameworks;
			sourceTree = "<group>";
		};
		E1CA5B2876B10EEB115264D0 /* Pods */ = {
			isa = PBXGroup;
			children = (
				7A045CAB13D3295B3FF213A5 /* Pods-WayPoints.debug.xcconfig */,
				61741BB6FC7704E33566E738 /* Pods-WayPoints.release.xcconfig */,
			);
			name = Pods;
			sourceTree = "<group>";
		};
/* End PBXGroup section */

/* Begin PBXNativeTarget section */
		189EB9D71F95471D00BBDF90 /* WayPoints */ = {
			isa = PBXNativeTarget;
			buildConfigurationList = 189EB9ED1F95471D00BBDF90 /* Build configuration list for PBXNativeTarget "WayPoints" */;
			buildPhases = (
				1B50A73041049676453E849D /* [CP] Check Pods Manifest.lock */,
				189EB9D41F95471D00BBDF90 /* Sources */,
				189EB9D51F95471D00BBDF90 /* Frameworks */,
				189EB9D61F95471D00BBDF90 /* Resources */,
				1D4430E4499C3D8EF40DCF29 /* [CP] Embed Pods Frameworks */,
				5AE59F834E1AE28A9EE9B48C /* [CP] Copy Pods Resources */,
			);
			buildRules = (
			);
			dependencies = (
			);
			name = WayPoints;
			productName = WayPoints;
			productReference = 189EB9D81F95471D00BBDF90 /* WayPoints.app */;
			productType = "com.apple.product-type.application";
		};
/* End PBXNativeTarget section */

/* Begin PBXProject section */
		189EB9D01F95471D00BBDF90 /* Project object */ = {
			isa = PBXProject;
			attributes = {
				LastSwiftUpdateCheck = 0900;
				LastUpgradeCheck = 0900;
				ORGANIZATIONNAME = "jel enterprises";
				TargetAttributes = {
					189EB9D71F95471D00BBDF90 = {
						CreatedOnToolsVersion = 9.0;
						ProvisioningStyle = Automatic;
						SystemCapabilities = {
							com.apple.Keychain = {
								enabled = 1;
							};
						};
					};
				};
			};
			buildConfigurationList = 189EB9D31F95471D00BBDF90 /* Build configuration list for PBXProject "WayPoints" */;
			compatibilityVersion = "Xcode 8.0";
			developmentRegion = en;
			hasScannedForEncodings = 0;
			knownRegions = (
				en,
				Base,
			);
			mainGroup = 189EB9CF1F95471D00BBDF90;
			productRefGroup = 189EB9D91F95471D00BBDF90 /* Products */;
			projectDirPath = "";
			projectRoot = "";
			targets = (
				189EB9D71F95471D00BBDF90 /* WayPoints */,
			);
		};
/* End PBXProject section */

/* Begin PBXResourcesBuildPhase section */
		189EB9D61F95471D00BBDF90 /* Resources */ = {
			isa = PBXResourcesBuildPhase;
			buildActionMask = 2147483647;
			files = (
				180500261FA8196300644FF4 /* CustomCalloutView.xib in Resources */,
				189EB9E91F95471D00BBDF90 /* LaunchScreen.storyboard in Resources */,
				184D23501FBBA091005D0BA8 /* GoogleService-Info.plist in Resources */,
				189EB9E61F95471D00BBDF90 /* Assets.xcassets in Resources */,
				189EB9E11F95471D00BBDF90 /* Main.storyboard in Resources */,
			);
			runOnlyForDeploymentPostprocessing = 0;
		};
/* End PBXResourcesBuildPhase section */

/* Begin PBXShellScriptBuildPhase section */
		1B50A73041049676453E849D /* [CP] Check Pods Manifest.lock */ = {
			isa = PBXShellScriptBuildPhase;
			buildActionMask = 2147483647;
			files = (
			);
			inputPaths = (
				"${PODS_PODFILE_DIR_PATH}/Podfile.lock",
				"${PODS_ROOT}/Manifest.lock",
			);
			name = "[CP] Check Pods Manifest.lock";
			outputPaths = (
				"$(DERIVED_FILE_DIR)/Pods-WayPoints-checkManifestLockResult.txt",
			);
			runOnlyForDeploymentPostprocessing = 0;
			shellPath = /bin/sh;
			shellScript = "diff \"${PODS_PODFILE_DIR_PATH}/Podfile.lock\" \"${PODS_ROOT}/Manifest.lock\" > /dev/null\nif [ $? != 0 ] ; then\n    # print error to STDERR\n    echo \"error: The sandbox is not in sync with the Podfile.lock. Run 'pod install' or update your CocoaPods installation.\" >&2\n    exit 1\nfi\n# This output is used by Xcode 'outputs' to avoid re-running this script phase.\necho \"SUCCESS\" > \"${SCRIPT_OUTPUT_FILE_0}\"\n";
			showEnvVarsInLog = 0;
		};
		1D4430E4499C3D8EF40DCF29 /* [CP] Embed Pods Frameworks */ = {
			isa = PBXShellScriptBuildPhase;
			buildActionMask = 2147483647;
			files = (
			);
			inputPaths = (
				"${SRCROOT}/Pods/Target Support Files/Pods-WayPoints/Pods-WayPoints-frameworks.sh",
				"${BUILT_PRODUCTS_DIR}/Bolts/Bolts.framework",
				"${BUILT_PRODUCTS_DIR}/BoringSSL/openssl.framework",
				"${BUILT_PRODUCTS_DIR}/FBSDKCoreKit/FBSDKCoreKit.framework",
				"${BUILT_PRODUCTS_DIR}/FBSDKLoginKit/FBSDKLoginKit.framework",
				"${BUILT_PRODUCTS_DIR}/GTMOAuth2/GTMOAuth2.framework",
				"${BUILT_PRODUCTS_DIR}/GTMSessionFetcher/GTMSessionFetcher.framework",
				"${BUILT_PRODUCTS_DIR}/GoogleToolboxForMac/GoogleToolboxForMac.framework",
				"${BUILT_PRODUCTS_DIR}/Protobuf/Protobuf.framework",
				"${BUILT_PRODUCTS_DIR}/SDWebImage/SDWebImage.framework",
				"${BUILT_PRODUCTS_DIR}/gRPC/GRPCClient.framework",
				"${BUILT_PRODUCTS_DIR}/gRPC-Core/grpc.framework",
				"${BUILT_PRODUCTS_DIR}/gRPC-ProtoRPC/ProtoRPC.framework",
				"${BUILT_PRODUCTS_DIR}/gRPC-RxLibrary/RxLibrary.framework",
				"${BUILT_PRODUCTS_DIR}/leveldb-library/leveldb.framework",
				"${BUILT_PRODUCTS_DIR}/nanopb/nanopb.framework",
			);
			name = "[CP] Embed Pods Frameworks";
			outputPaths = (
				"${TARGET_BUILD_DIR}/${FRAMEWORKS_FOLDER_PATH}/Bolts.framework",
				"${TARGET_BUILD_DIR}/${FRAMEWORKS_FOLDER_PATH}/openssl.framework",
				"${TARGET_BUILD_DIR}/${FRAMEWORKS_FOLDER_PATH}/FBSDKCoreKit.framework",
				"${TARGET_BUILD_DIR}/${FRAMEWORKS_FOLDER_PATH}/FBSDKLoginKit.framework",
				"${TARGET_BUILD_DIR}/${FRAMEWORKS_FOLDER_PATH}/GTMOAuth2.framework",
				"${TARGET_BUILD_DIR}/${FRAMEWORKS_FOLDER_PATH}/GTMSessionFetcher.framework",
				"${TARGET_BUILD_DIR}/${FRAMEWORKS_FOLDER_PATH}/GoogleToolboxForMac.framework",
				"${TARGET_BUILD_DIR}/${FRAMEWORKS_FOLDER_PATH}/Protobuf.framework",
				"${TARGET_BUILD_DIR}/${FRAMEWORKS_FOLDER_PATH}/SDWebImage.framework",
				"${TARGET_BUILD_DIR}/${FRAMEWORKS_FOLDER_PATH}/GRPCClient.framework",
				"${TARGET_BUILD_DIR}/${FRAMEWORKS_FOLDER_PATH}/grpc.framework",
				"${TARGET_BUILD_DIR}/${FRAMEWORKS_FOLDER_PATH}/ProtoRPC.framework",
				"${TARGET_BUILD_DIR}/${FRAMEWORKS_FOLDER_PATH}/RxLibrary.framework",
				"${TARGET_BUILD_DIR}/${FRAMEWORKS_FOLDER_PATH}/leveldb.framework",
				"${TARGET_BUILD_DIR}/${FRAMEWORKS_FOLDER_PATH}/nanopb.framework",
			);
			runOnlyForDeploymentPostprocessing = 0;
			shellPath = /bin/sh;
			shellScript = "\"${SRCROOT}/Pods/Target Support Files/Pods-WayPoints/Pods-WayPoints-frameworks.sh\"\n";
			showEnvVarsInLog = 0;
		};
		5AE59F834E1AE28A9EE9B48C /* [CP] Copy Pods Resources */ = {
			isa = PBXShellScriptBuildPhase;
			buildActionMask = 2147483647;
			files = (
			);
			inputPaths = (
				"${SRCROOT}/Pods/Target Support Files/Pods-WayPoints/Pods-WayPoints-resources.sh",
				$PODS_CONFIGURATION_BUILD_DIR/FirebaseUI/FirebaseAuthUI.bundle,
				$PODS_CONFIGURATION_BUILD_DIR/FirebaseUI/FirebaseFacebookAuthUI.bundle,
				$PODS_CONFIGURATION_BUILD_DIR/FirebaseUI/FirebaseGoogleAuthUI.bundle,
				$PODS_CONFIGURATION_BUILD_DIR/FirebaseUI/FirebasePhoneAuthUI.bundle,
				$PODS_CONFIGURATION_BUILD_DIR/FirebaseUI/FirebaseTwitterAuthUI.bundle,
				"${PODS_ROOT}/GoogleSignIn/Resources/GoogleSignIn.bundle",
				"${PODS_ROOT}/TwitterKit/iOS/TwitterKit.framework/TwitterKitResources.bundle",
				"${PODS_ROOT}/TwitterKit/iOS/TwitterKit.framework/TwitterShareExtensionUIResources.bundle",
			);
			name = "[CP] Copy Pods Resources";
			outputPaths = (
				"${TARGET_BUILD_DIR}/${UNLOCALIZED_RESOURCES_FOLDER_PATH}",
			);
			runOnlyForDeploymentPostprocessing = 0;
			shellPath = /bin/sh;
			shellScript = "\"${SRCROOT}/Pods/Target Support Files/Pods-WayPoints/Pods-WayPoints-resources.sh\"\n";
			showEnvVarsInLog = 0;
		};
/* End PBXShellScriptBuildPhase section */

/* Begin PBXSourcesBuildPhase section */
		189EB9D41F95471D00BBDF90 /* Sources */ = {
			isa = PBXSourcesBuildPhase;
			buildActionMask = 2147483647;
			files = (
				185355A81FB26C6200D169BF /* WayPointPhotoViewController.swift in Sources */,
				1805002F1FAFCBCE00644FF4 /* WayPointCustomTableCellData.swift in Sources */,
				18D7AF081F9945500087B9E6 /* MapViewViewController.swift in Sources */,
				184D23461FB7CEF2005D0BA8 /* WaypointEnums.swift in Sources */,
				184D234C1FBB46F7005D0BA8 /* SettingsAircraftTableViewController.swift in Sources */,
				180500291FA901CF00644FF4 /* AnnotationView.swift in Sources */,
				18D7AF0C1F9A6C1C0087B9E6 /* WayPointAnnotation.swift in Sources */,
				184D234A1FBB3F60005D0BA8 /* SettingsTableViewController.swift in Sources */,
				180500271FA8196300644FF4 /* CustomCalloutView.swift in Sources */,
				1805002B1FAF978100644FF4 /* WayPointTableViewController.swift in Sources */,
				184D234E1FBB4716005D0BA8 /* SettingsDisplayHistoryTableViewController.swift in Sources */,
				1805002D1FAF9AFF00644FF4 /* WayPointCustomTableCell.swift in Sources */,
				189EB9E41F95471D00BBDF90 /* WayPoints.xcdatamodeld in Sources */,
				1806DD951FE4633300F552EB /* LoginViewController.swift in Sources */,
				184D23481FB8FDDE005D0BA8 /* Helpers.swift in Sources */,
				1873F2D11FB53DB600570C24 /* AddWaypointTableViewController.swift in Sources */,
				189EB9DC1F95471D00BBDF90 /* AppDelegate.swift in Sources */,
			);
			runOnlyForDeploymentPostprocessing = 0;
		};
/* End PBXSourcesBuildPhase section */

/* Begin PBXVariantGroup section */
		189EB9DF1F95471D00BBDF90 /* Main.storyboard */ = {
			isa = PBXVariantGroup;
			children = (
				189EB9E01F95471D00BBDF90 /* Base */,
			);
			name = Main.storyboard;
			sourceTree = "<group>";
		};
		189EB9E71F95471D00BBDF90 /* LaunchScreen.storyboard */ = {
			isa = PBXVariantGroup;
			children = (
				189EB9E81F95471D00BBDF90 /* Base */,
			);
			name = LaunchScreen.storyboard;
			sourceTree = "<group>";
		};
/* End PBXVariantGroup section */

/* Begin XCBuildConfiguration section */
		189EB9EB1F95471D00BBDF90 /* Debug */ = {
			isa = XCBuildConfiguration;
			buildSettings = {
				ALWAYS_SEARCH_USER_PATHS = NO;
				CLANG_ANALYZER_NONNULL = YES;
				CLANG_ANALYZER_NUMBER_OBJECT_CONVERSION = YES_AGGRESSIVE;
				CLANG_CXX_LANGUAGE_STANDARD = "gnu++14";
				CLANG_CXX_LIBRARY = "libc++";
				CLANG_ENABLE_MODULES = YES;
				CLANG_ENABLE_OBJC_ARC = YES;
				CLANG_WARN_BLOCK_CAPTURE_AUTORELEASING = YES;
				CLANG_WARN_BOOL_CONVERSION = YES;
				CLANG_WARN_COMMA = YES;
				CLANG_WARN_CONSTANT_CONVERSION = YES;
				CLANG_WARN_DIRECT_OBJC_ISA_USAGE = YES_ERROR;
				CLANG_WARN_DOCUMENTATION_COMMENTS = YES;
				CLANG_WARN_EMPTY_BODY = YES;
				CLANG_WARN_ENUM_CONVERSION = YES;
				CLANG_WARN_INFINITE_RECURSION = YES;
				CLANG_WARN_INT_CONVERSION = YES;
				CLANG_WARN_NON_LITERAL_NULL_CONVERSION = YES;
				CLANG_WARN_OBJC_LITERAL_CONVERSION = YES;
				CLANG_WARN_OBJC_ROOT_CLASS = YES_ERROR;
				CLANG_WARN_RANGE_LOOP_ANALYSIS = YES;
				CLANG_WARN_STRICT_PROTOTYPES = YES;
				CLANG_WARN_SUSPICIOUS_MOVE = YES;
				CLANG_WARN_UNGUARDED_AVAILABILITY = YES_AGGRESSIVE;
				CLANG_WARN_UNREACHABLE_CODE = YES;
				CLANG_WARN__DUPLICATE_METHOD_MATCH = YES;
				CODE_SIGN_IDENTITY = "iPhone Developer";
				COPY_PHASE_STRIP = NO;
				DEBUG_INFORMATION_FORMAT = dwarf;
				ENABLE_STRICT_OBJC_MSGSEND = YES;
				ENABLE_TESTABILITY = YES;
				GCC_C_LANGUAGE_STANDARD = gnu11;
				GCC_DYNAMIC_NO_PIC = NO;
				GCC_NO_COMMON_BLOCKS = YES;
				GCC_OPTIMIZATION_LEVEL = 0;
				GCC_PREPROCESSOR_DEFINITIONS = (
					"DEBUG=1",
					"$(inherited)",
				);
				GCC_WARN_64_TO_32_BIT_CONVERSION = YES;
				GCC_WARN_ABOUT_RETURN_TYPE = YES_ERROR;
				GCC_WARN_UNDECLARED_SELECTOR = YES;
				GCC_WARN_UNINITIALIZED_AUTOS = YES_AGGRESSIVE;
				GCC_WARN_UNUSED_FUNCTION = YES;
				GCC_WARN_UNUSED_VARIABLE = YES;
				IPHONEOS_DEPLOYMENT_TARGET = 11.0;
				MTL_ENABLE_DEBUG_INFO = YES;
				ONLY_ACTIVE_ARCH = YES;
				SDKROOT = iphoneos;
				SWIFT_ACTIVE_COMPILATION_CONDITIONS = DEBUG;
				SWIFT_OPTIMIZATION_LEVEL = "-Onone";
			};
			name = Debug;
		};
		189EB9EC1F95471D00BBDF90 /* Release */ = {
			isa = XCBuildConfiguration;
			buildSettings = {
				ALWAYS_SEARCH_USER_PATHS = NO;
				CLANG_ANALYZER_NONNULL = YES;
				CLANG_ANALYZER_NUMBER_OBJECT_CONVERSION = YES_AGGRESSIVE;
				CLANG_CXX_LANGUAGE_STANDARD = "gnu++14";
				CLANG_CXX_LIBRARY = "libc++";
				CLANG_ENABLE_MODULES = YES;
				CLANG_ENABLE_OBJC_ARC = YES;
				CLANG_WARN_BLOCK_CAPTURE_AUTORELEASING = YES;
				CLANG_WARN_BOOL_CONVERSION = YES;
				CLANG_WARN_COMMA = YES;
				CLANG_WARN_CONSTANT_CONVERSION = YES;
				CLANG_WARN_DIRECT_OBJC_ISA_USAGE = YES_ERROR;
				CLANG_WARN_DOCUMENTATION_COMMENTS = YES;
				CLANG_WARN_EMPTY_BODY = YES;
				CLANG_WARN_ENUM_CONVERSION = YES;
				CLANG_WARN_INFINITE_RECURSION = YES;
				CLANG_WARN_INT_CONVERSION = YES;
				CLANG_WARN_NON_LITERAL_NULL_CONVERSION = YES;
				CLANG_WARN_OBJC_LITERAL_CONVERSION = YES;
				CLANG_WARN_OBJC_ROOT_CLASS = YES_ERROR;
				CLANG_WARN_RANGE_LOOP_ANALYSIS = YES;
				CLANG_WARN_STRICT_PROTOTYPES = YES;
				CLANG_WARN_SUSPICIOUS_MOVE = YES;
				CLANG_WARN_UNGUARDED_AVAILABILITY = YES_AGGRESSIVE;
				CLANG_WARN_UNREACHABLE_CODE = YES;
				CLANG_WARN__DUPLICATE_METHOD_MATCH = YES;
				CODE_SIGN_IDENTITY = "iPhone Developer";
				COPY_PHASE_STRIP = NO;
				DEBUG_INFORMATION_FORMAT = "dwarf-with-dsym";
				ENABLE_NS_ASSERTIONS = NO;
				ENABLE_STRICT_OBJC_MSGSEND = YES;
				GCC_C_LANGUAGE_STANDARD = gnu11;
				GCC_NO_COMMON_BLOCKS = YES;
				GCC_WARN_64_TO_32_BIT_CONVERSION = YES;
				GCC_WARN_ABOUT_RETURN_TYPE = YES_ERROR;
				GCC_WARN_UNDECLARED_SELECTOR = YES;
				GCC_WARN_UNINITIALIZED_AUTOS = YES_AGGRESSIVE;
				GCC_WARN_UNUSED_FUNCTION = YES;
				GCC_WARN_UNUSED_VARIABLE = YES;
				IPHONEOS_DEPLOYMENT_TARGET = 11.0;
				MTL_ENABLE_DEBUG_INFO = NO;
				SDKROOT = iphoneos;
				SWIFT_OPTIMIZATION_LEVEL = "-Owholemodule";
				VALIDATE_PRODUCT = YES;
			};
			name = Release;
		};
		189EB9EE1F95471D00BBDF90 /* Debug */ = {
			isa = XCBuildConfiguration;
			baseConfigurationReference = 7A045CAB13D3295B3FF213A5 /* Pods-WayPoints.debug.xcconfig */;
			buildSettings = {
				ASSETCATALOG_COMPILER_APPICON_NAME = AppIcon;
				CODE_SIGN_ENTITLEMENTS = WayPoints/WayPoints.entitlements;
				CODE_SIGN_IDENTITY = "iPhone Distribution";
				"CODE_SIGN_IDENTITY[sdk=iphoneos*]" = "iPhone Developer";
				CODE_SIGN_STYLE = Automatic;
				DEVELOPMENT_TEAM = L8E4W5GT7U;
				INFOPLIST_FILE = WayPoints/Info.plist;
				IPHONEOS_DEPLOYMENT_TARGET = 10.0;
				LD_RUNPATH_SEARCH_PATHS = "$(inherited) @executable_path/Frameworks";
				PRODUCT_BUNDLE_IDENTIFIER = com.jel.WayPoints;
				PRODUCT_NAME = "$(TARGET_NAME)";
				PROVISIONING_PROFILE = "";
				PROVISIONING_PROFILE_SPECIFIER = "";
				SWIFT_VERSION = 4.0;
				TARGETED_DEVICE_FAMILY = "1,2";
			};
			name = Debug;
		};
		189EB9EF1F95471D00BBDF90 /* Release */ = {
			isa = XCBuildConfiguration;
			baseConfigurationReference = 61741BB6FC7704E33566E738 /* Pods-WayPoints.release.xcconfig */;
			buildSettings = {
				ASSETCATALOG_COMPILER_APPICON_NAME = AppIcon;
				CODE_SIGN_ENTITLEMENTS = WayPoints/WayPoints.entitlements;
				CODE_SIGN_IDENTITY = "iPhone Distribution";
				"CODE_SIGN_IDENTITY[sdk=iphoneos*]" = "iPhone Developer";
				CODE_SIGN_STYLE = Automatic;
				DEVELOPMENT_TEAM = L8E4W5GT7U;
				INFOPLIST_FILE = WayPoints/Info.plist;
				IPHONEOS_DEPLOYMENT_TARGET = 10.0;
				LD_RUNPATH_SEARCH_PATHS = "$(inherited) @executable_path/Frameworks";
				PRODUCT_BUNDLE_IDENTIFIER = com.jel.WayPoints;
				PRODUCT_NAME = "$(TARGET_NAME)";
				PROVISIONING_PROFILE = "";
				PROVISIONING_PROFILE_SPECIFIER = "";
				SWIFT_VERSION = 4.0;
				TARGETED_DEVICE_FAMILY = "1,2";
			};
			name = Release;
		};
/* End XCBuildConfiguration section */

/* Begin XCConfigurationList section */
		189EB9D31F95471D00BBDF90 /* Build configuration list for PBXProject "WayPoints" */ = {
			isa = XCConfigurationList;
			buildConfigurations = (
				189EB9EB1F95471D00BBDF90 /* Debug */,
				189EB9EC1F95471D00BBDF90 /* Release */,
			);
			defaultConfigurationIsVisible = 0;
			defaultConfigurationName = Release;
		};
		189EB9ED1F95471D00BBDF90 /* Build configuration list for PBXNativeTarget "WayPoints" */ = {
			isa = XCConfigurationList;
			buildConfigurations = (
				189EB9EE1F95471D00BBDF90 /* Debug */,
				189EB9EF1F95471D00BBDF90 /* Release */,
			);
			defaultConfigurationIsVisible = 0;
			defaultConfigurationName = Release;
		};
/* End XCConfigurationList section */

/* Begin XCVersionGroup section */
		189EB9E21F95471D00BBDF90 /* WayPoints.xcdatamodeld */ = {
			isa = XCVersionGroup;
			children = (
				189EB9E31F95471D00BBDF90 /* WayPoints.xcdatamodel */,
			);
			currentVersion = 189EB9E31F95471D00BBDF90 /* WayPoints.xcdatamodel */;
			path = WayPoints.xcdatamodeld;
			sourceTree = "<group>";
			versionGroupType = wrapper.xcdatamodel;
		};
/* End XCVersionGroup section */
	};
	rootObject = 189EB9D01F95471D00BBDF90 /* Project object */;
}
