// !$*UTF8*$!
{
	archiveVersion = 1;
	classes = {
	};
	objectVersion = 48;
	objects = {

/* Begin PBXBuildFile section */
		180500261FA8196300644FF4 /* CustomCalloutView.xib in Resources */ = {isa = PBXBuildFile; fileRef = 180500241FA8196200644FF4 /* CustomCalloutView.xib */; };
		180500271FA8196300644FF4 /* CustomCalloutView.swift in Sources */ = {isa = PBXBuildFile; fileRef = 180500251FA8196300644FF4 /* CustomCalloutView.swift */; };
		180500291FA901CF00644FF4 /* AnnotationView.swift in Sources */ = {isa = PBXBuildFile; fileRef = 180500281FA901CF00644FF4 /* AnnotationView.swift */; };
		1805002B1FAF978100644FF4 /* WayPointTableViewController.swift in Sources */ = {isa = PBXBuildFile; fileRef = 1805002A1FAF978100644FF4 /* WayPointTableViewController.swift */; };
		1805002D1FAF9AFF00644FF4 /* WayPointCustomTableCell.swift in Sources */ = {isa = PBXBuildFile; fileRef = 1805002C1FAF9AFF00644FF4 /* WayPointCustomTableCell.swift */; };
		1805002F1FAFCBCE00644FF4 /* WayPointCustomTableCellData.swift in Sources */ = {isa = PBXBuildFile; fileRef = 1805002E1FAFCBCE00644FF4 /* WayPointCustomTableCellData.swift */; };
		189EB9DC1F95471D00BBDF90 /* AppDelegate.swift in Sources */ = {isa = PBXBuildFile; fileRef = 189EB9DB1F95471D00BBDF90 /* AppDelegate.swift */; };
		189EB9E11F95471D00BBDF90 /* Main.storyboard in Resources */ = {isa = PBXBuildFile; fileRef = 189EB9DF1F95471D00BBDF90 /* Main.storyboard */; };
		189EB9E41F95471D00BBDF90 /* WayPoints.xcdatamodeld in Sources */ = {isa = PBXBuildFile; fileRef = 189EB9E21F95471D00BBDF90 /* WayPoints.xcdatamodeld */; };
		189EB9E61F95471D00BBDF90 /* Assets.xcassets in Resources */ = {isa = PBXBuildFile; fileRef = 189EB9E51F95471D00BBDF90 /* Assets.xcassets */; };
		189EB9E91F95471D00BBDF90 /* LaunchScreen.storyboard in Resources */ = {isa = PBXBuildFile; fileRef = 189EB9E71F95471D00BBDF90 /* LaunchScreen.storyboard */; };
		189EB9F21F954A9700BBDF90 /* AddWaypointViewController.swift in Sources */ = {isa = PBXBuildFile; fileRef = 189EB9F11F954A9700BBDF90 /* AddWaypointViewController.swift */; };
		18D7AF081F9945500087B9E6 /* MapViewViewController.swift in Sources */ = {isa = PBXBuildFile; fileRef = 18D7AF071F9945500087B9E6 /* MapViewViewController.swift */; };
		18D7AF0C1F9A6C1C0087B9E6 /* WayPointAnnotation.swift in Sources */ = {isa = PBXBuildFile; fileRef = 18D7AF0B1F9A6C1C0087B9E6 /* WayPointAnnotation.swift */; };
/* End PBXBuildFile section */

/* Begin PBXFileReference section */
		180500241FA8196200644FF4 /* CustomCalloutView.xib */ = {isa = PBXFileReference; fileEncoding = 4; lastKnownFileType = file.xib; path = CustomCalloutView.xib; sourceTree = "<group>"; };
		180500251FA8196300644FF4 /* CustomCalloutView.swift */ = {isa = PBXFileReference; fileEncoding = 4; lastKnownFileType = sourcecode.swift; path = CustomCalloutView.swift; sourceTree = "<group>"; };
		180500281FA901CF00644FF4 /* AnnotationView.swift */ = {isa = PBXFileReference; lastKnownFileType = sourcecode.swift; path = AnnotationView.swift; sourceTree = "<group>"; };
		1805002A1FAF978100644FF4 /* WayPointTableViewController.swift */ = {isa = PBXFileReference; lastKnownFileType = sourcecode.swift; path = WayPointTableViewController.swift; sourceTree = "<group>"; };
		1805002C1FAF9AFF00644FF4 /* WayPointCustomTableCell.swift */ = {isa = PBXFileReference; lastKnownFileType = sourcecode.swift; path = WayPointCustomTableCell.swift; sourceTree = "<group>"; };
		1805002E1FAFCBCE00644FF4 /* WayPointCustomTableCellData.swift */ = {isa = PBXFileReference; lastKnownFileType = sourcecode.swift; path = WayPointCustomTableCellData.swift; sourceTree = "<group>"; };
		189EB9D81F95471D00BBDF90 /* WayPoints.app */ = {isa = PBXFileReference; explicitFileType = wrapper.application; includeInIndex = 0; path = WayPoints.app; sourceTree = BUILT_PRODUCTS_DIR; };
		189EB9DB1F95471D00BBDF90 /* AppDelegate.swift */ = {isa = PBXFileReference; lastKnownFileType = sourcecode.swift; path = AppDelegate.swift; sourceTree = "<group>"; };
		189EB9E01F95471D00BBDF90 /* Base */ = {isa = PBXFileReference; lastKnownFileType = file.storyboard; name = Base; path = Base.lproj/Main.storyboard; sourceTree = "<group>"; };
		189EB9E31F95471D00BBDF90 /* WayPoints.xcdatamodel */ = {isa = PBXFileReference; lastKnownFileType = wrapper.xcdatamodel; path = WayPoints.xcdatamodel; sourceTree = "<group>"; };
		189EB9E51F95471D00BBDF90 /* Assets.xcassets */ = {isa = PBXFileReference; lastKnownFileType = folder.assetcatalog; path = Assets.xcassets; sourceTree = "<group>"; };
		189EB9E81F95471D00BBDF90 /* Base */ = {isa = PBXFileReference; lastKnownFileType = file.storyboard; name = Base; path = Base.lproj/LaunchScreen.storyboard; sourceTree = "<group>"; };
		189EB9EA1F95471D00BBDF90 /* Info.plist */ = {isa = PBXFileReference; lastKnownFileType = text.plist.xml; path = Info.plist; sourceTree = "<group>"; };
		189EB9F11F954A9700BBDF90 /* AddWaypointViewController.swift */ = {isa = PBXFileReference; lastKnownFileType = sourcecode.swift; path = AddWaypointViewController.swift; sourceTree = "<group>"; };
		18D7AF071F9945500087B9E6 /* MapViewViewController.swift */ = {isa = PBXFileReference; lastKnownFileType = sourcecode.swift; path = MapViewViewController.swift; sourceTree = "<group>"; };
		18D7AF0B1F9A6C1C0087B9E6 /* WayPointAnnotation.swift */ = {isa = PBXFileReference; lastKnownFileType = sourcecode.swift; path = WayPointAnnotation.swift; sourceTree = "<group>"; };
/* End PBXFileReference section */

/* Begin PBXFrameworksBuildPhase section */
		189EB9D51F95471D00BBDF90 /* Frameworks */ = {
			isa = PBXFrameworksBuildPhase;
			buildActionMask = 2147483647;
			files = (
			);
			runOnlyForDeploymentPostprocessing = 0;
		};
/* End PBXFrameworksBuildPhase section */

/* Begin PBXGroup section */
		189EB9CF1F95471D00BBDF90 = {
			isa = PBXGroup;
			children = (
				189EB9DA1F95471D00BBDF90 /* WayPoints */,
				189EB9D91F95471D00BBDF90 /* Products */,
			);
			sourceTree = "<group>";
		};
		189EB9D91F95471D00BBDF90 /* Products */ = {
			isa = PBXGroup;
			children = (
				189EB9D81F95471D00BBDF90 /* WayPoints.app */,
			);
			name = Products;
			sourceTree = "<group>";
		};
		189EB9DA1F95471D00BBDF90 /* WayPoints */ = {
			isa = PBXGroup;
			children = (
				180500281FA901CF00644FF4 /* AnnotationView.swift */,
				180500251FA8196300644FF4 /* CustomCalloutView.swift */,
				180500241FA8196200644FF4 /* CustomCalloutView.xib */,
				189EB9F11F954A9700BBDF90 /* AddWaypointViewController.swift */,
				18D7AF071F9945500087B9E6 /* MapViewViewController.swift */,
				189EB9DF1F95471D00BBDF90 /* Main.storyboard */,
				189EB9E71F95471D00BBDF90 /* LaunchScreen.storyboard */,
				18D7AF0B1F9A6C1C0087B9E6 /* WayPointAnnotation.swift */,
				1805002A1FAF978100644FF4 /* WayPointTableViewController.swift */,
				1805002C1FAF9AFF00644FF4 /* WayPointCustomTableCell.swift */,
				1805002E1FAFCBCE00644FF4 /* WayPointCustomTableCellData.swift */,
				189EB9EA1F95471D00BBDF90 /* Info.plist */,
				189EB9F01F954A4200BBDF90 /* Supporting Files */,
			);
			path = WayPoints;
			sourceTree = "<group>";
		};
		189EB9F01F954A4200BBDF90 /* Supporting Files */ = {
			isa = PBXGroup;
			children = (
				189EB9DB1F95471D00BBDF90 /* AppDelegate.swift */,
				189EB9E51F95471D00BBDF90 /* Assets.xcassets */,
				189EB9E21F95471D00BBDF90 /* WayPoints.xcdatamodeld */,
			);
			path = "Supporting Files";
			sourceTree = "<group>";
		};
/* End PBXGroup section */

/* Begin PBXNativeTarget section */
		189EB9D71F95471D00BBDF90 /* WayPoints */ = {
			isa = PBXNativeTarget;
			buildConfigurationList = 189EB9ED1F95471D00BBDF90 /* Build configuration list for PBXNativeTarget "WayPoints" */;
			buildPhases = (
				189EB9D41F95471D00BBDF90 /* Sources */,
				189EB9D51F95471D00BBDF90 /* Frameworks */,
				189EB9D61F95471D00BBDF90 /* Resources */,
			);
			buildRules = (
			);
			dependencies = (
			);
			name = WayPoints;
			productName = WayPoints;
			productReference = 189EB9D81F95471D00BBDF90 /* WayPoints.app */;
			productType = "com.apple.product-type.application";
		};
/* End PBXNativeTarget section */

/* Begin PBXProject section */
		189EB9D01F95471D00BBDF90 /* Project object */ = {
			isa = PBXProject;
			attributes = {
				LastSwiftUpdateCheck = 0900;
				LastUpgradeCheck = 0900;
				ORGANIZATIONNAME = "jel enterprises";
				TargetAttributes = {
					189EB9D71F95471D00BBDF90 = {
						CreatedOnToolsVersion = 9.0;
						ProvisioningStyle = Automatic;
					};
				};
			};
			buildConfigurationList = 189EB9D31F95471D00BBDF90 /* Build configuration list for PBXProject "WayPoints" */;
			compatibilityVersion = "Xcode 8.0";
			developmentRegion = en;
			hasScannedForEncodings = 0;
			knownRegions = (
				en,
				Base,
			);
			mainGroup = 189EB9CF1F95471D00BBDF90;
			productRefGroup = 189EB9D91F95471D00BBDF90 /* Products */;
			projectDirPath = "";
			projectRoot = "";
			targets = (
				189EB9D71F95471D00BBDF90 /* WayPoints */,
			);
		};
/* End PBXProject section */

/* Begin PBXResourcesBuildPhase section */
		189EB9D61F95471D00BBDF90 /* Resources */ = {
			isa = PBXResourcesBuildPhase;
			buildActionMask = 2147483647;
			files = (
				180500261FA8196300644FF4 /* CustomCalloutView.xib in Resources */,
				189EB9E91F95471D00BBDF90 /* LaunchScreen.storyboard in Resources */,
				189EB9E61F95471D00BBDF90 /* Assets.xcassets in Resources */,
				189EB9E11F95471D00BBDF90 /* Main.storyboard in Resources */,
			);
			runOnlyForDeploymentPostprocessing = 0;
		};
/* End PBXResourcesBuildPhase section */

/* Begin PBXSourcesBuildPhase section */
		189EB9D41F95471D00BBDF90 /* Sources */ = {
			isa = PBXSourcesBuildPhase;
			buildActionMask = 2147483647;
			files = (
				1805002F1FAFCBCE00644FF4 /* WayPointCustomTableCellData.swift in Sources */,
				18D7AF081F9945500087B9E6 /* MapViewViewController.swift in Sources */,
				180500291FA901CF00644FF4 /* AnnotationView.swift in Sources */,
				189EB9F21F954A9700BBDF90 /* AddWaypointViewController.swift in Sources */,
				18D7AF0C1F9A6C1C0087B9E6 /* WayPointAnnotation.swift in Sources */,
				180500271FA8196300644FF4 /* CustomCalloutView.swift in Sources */,
				1805002B1FAF978100644FF4 /* WayPointTableViewController.swift in Sources */,
				1805002D1FAF9AFF00644FF4 /* WayPointCustomTableCell.swift in Sources */,
				189EB9E41F95471D00BBDF90 /* WayPoints.xcdatamodeld in Sources */,
				189EB9DC1F95471D00BBDF90 /* AppDelegate.swift in Sources */,
			);
			runOnlyForDeploymentPostprocessing = 0;
		};
/* End PBXSourcesBuildPhase section */

/* Begin PBXVariantGroup section */
		189EB9DF1F95471D00BBDF90 /* Main.storyboard */ = {
			isa = PBXVariantGroup;
			children = (
				189EB9E01F95471D00BBDF90 /* Base */,
			);
			name = Main.storyboard;
			sourceTree = "<group>";
		};
		189EB9E71F95471D00BBDF90 /* LaunchScreen.storyboard */ = {
			isa = PBXVariantGroup;
			children = (
				189EB9E81F95471D00BBDF90 /* Base */,
			);
			name = LaunchScreen.storyboard;
			sourceTree = "<group>";
		};
/* End PBXVariantGroup section */

/* Begin XCBuildConfiguration section */
		189EB9EB1F95471D00BBDF90 /* Debug */ = {
			isa = XCBuildConfiguration;
			buildSettings = {
				ALWAYS_SEARCH_USER_PATHS = NO;
				CLANG_ANALYZER_NONNULL = YES;
				CLANG_ANALYZER_NUMBER_OBJECT_CONVERSION = YES_AGGRESSIVE;
				CLANG_CXX_LANGUAGE_STANDARD = "gnu++14";
				CLANG_CXX_LIBRARY = "libc++";
				CLANG_ENABLE_MODULES = YES;
				CLANG_ENABLE_OBJC_ARC = YES;
				CLANG_WARN_BLOCK_CAPTURE_AUTORELEASING = YES;
				CLANG_WARN_BOOL_CONVERSION = YES;
				CLANG_WARN_COMMA = YES;
				CLANG_WARN_CONSTANT_CONVERSION = YES;
				CLANG_WARN_DIRECT_OBJC_ISA_USAGE = YES_ERROR;
				CLANG_WARN_DOCUMENTATION_COMMENTS = YES;
				CLANG_WARN_EMPTY_BODY = YES;
				CLANG_WARN_ENUM_CONVERSION = YES;
				CLANG_WARN_INFINITE_RECURSION = YES;
				CLANG_WARN_INT_CONVERSION = YES;
				CLANG_WARN_NON_LITERAL_NULL_CONVERSION = YES;
				CLANG_WARN_OBJC_LITERAL_CONVERSION = YES;
				CLANG_WARN_OBJC_ROOT_CLASS = YES_ERROR;
				CLANG_WARN_RANGE_LOOP_ANALYSIS = YES;
				CLANG_WARN_STRICT_PROTOTYPES = YES;
				CLANG_WARN_SUSPICIOUS_MOVE = YES;
				CLANG_WARN_UNGUARDED_AVAILABILITY = YES_AGGRESSIVE;
				CLANG_WARN_UNREACHABLE_CODE = YES;
				CLANG_WARN__DUPLICATE_METHOD_MATCH = YES;
				CODE_SIGN_IDENTITY = "iPhone Developer";
				COPY_PHASE_STRIP = NO;
				DEBUG_INFORMATION_FORMAT = dwarf;
				ENABLE_STRICT_OBJC_MSGSEND = YES;
				ENABLE_TESTABILITY = YES;
				GCC_C_LANGUAGE_STANDARD = gnu11;
				GCC_DYNAMIC_NO_PIC = NO;
				GCC_NO_COMMON_BLOCKS = YES;
				GCC_OPTIMIZATION_LEVEL = 0;
				GCC_PREPROCESSOR_DEFINITIONS = (
					"DEBUG=1",
					"$(inherited)",
				);
				GCC_WARN_64_TO_32_BIT_CONVERSION = YES;
				GCC_WARN_ABOUT_RETURN_TYPE = YES_ERROR;
				GCC_WARN_UNDECLARED_SELECTOR = YES;
				GCC_WARN_UNINITIALIZED_AUTOS = YES_AGGRESSIVE;
				GCC_WARN_UNUSED_FUNCTION = YES;
				GCC_WARN_UNUSED_VARIABLE = YES;
				IPHONEOS_DEPLOYMENT_TARGET = 11.0;
				MTL_ENABLE_DEBUG_INFO = YES;
				ONLY_ACTIVE_ARCH = YES;
				SDKROOT = iphoneos;
				SWIFT_ACTIVE_COMPILATION_CONDITIONS = DEBUG;
				SWIFT_OPTIMIZATION_LEVEL = "-Onone";
			};
			name = Debug;
		};
		189EB9EC1F95471D00BBDF90 /* Release */ = {
			isa = XCBuildConfiguration;
			buildSettings = {
				ALWAYS_SEARCH_USER_PATHS = NO;
				CLANG_ANALYZER_NONNULL = YES;
				CLANG_ANALYZER_NUMBER_OBJECT_CONVERSION = YES_AGGRESSIVE;
				CLANG_CXX_LANGUAGE_STANDARD = "gnu++14";
				CLANG_CXX_LIBRARY = "libc++";
				CLANG_ENABLE_MODULES = YES;
				CLANG_ENABLE_OBJC_ARC = YES;
				CLANG_WARN_BLOCK_CAPTURE_AUTORELEASING = YES;
				CLANG_WARN_BOOL_CONVERSION = YES;
				CLANG_WARN_COMMA = YES;
				CLANG_WARN_CONSTANT_CONVERSION = YES;
				CLANG_WARN_DIRECT_OBJC_ISA_USAGE = YES_ERROR;
				CLANG_WARN_DOCUMENTATION_COMMENTS = YES;
				CLANG_WARN_EMPTY_BODY = YES;
				CLANG_WARN_ENUM_CONVERSION = YES;
				CLANG_WARN_INFINITE_RECURSION = YES;
				CLANG_WARN_INT_CONVERSION = YES;
				CLANG_WARN_NON_LITERAL_NULL_CONVERSION = YES;
				CLANG_WARN_OBJC_LITERAL_CONVERSION = YES;
				CLANG_WARN_OBJC_ROOT_CLASS = YES_ERROR;
				CLANG_WARN_RANGE_LOOP_ANALYSIS = YES;
				CLANG_WARN_STRICT_PROTOTYPES = YES;
				CLANG_WARN_SUSPICIOUS_MOVE = YES;
				CLANG_WARN_UNGUARDED_AVAILABILITY = YES_AGGRESSIVE;
				CLANG_WARN_UNREACHABLE_CODE = YES;
				CLANG_WARN__DUPLICATE_METHOD_MATCH = YES;
				CODE_SIGN_IDENTITY = "iPhone Developer";
				COPY_PHASE_STRIP = NO;
				DEBUG_INFORMATION_FORMAT = "dwarf-with-dsym";
				ENABLE_NS_ASSERTIONS = NO;
				ENABLE_STRICT_OBJC_MSGSEND = YES;
				GCC_C_LANGUAGE_STANDARD = gnu11;
				GCC_NO_COMMON_BLOCKS = YES;
				GCC_WARN_64_TO_32_BIT_CONVERSION = YES;
				GCC_WARN_ABOUT_RETURN_TYPE = YES_ERROR;
				GCC_WARN_UNDECLARED_SELECTOR = YES;
				GCC_WARN_UNINITIALIZED_AUTOS = YES_AGGRESSIVE;
				GCC_WARN_UNUSED_FUNCTION = YES;
				GCC_WARN_UNUSED_VARIABLE = YES;
				IPHONEOS_DEPLOYMENT_TARGET = 11.0;
				MTL_ENABLE_DEBUG_INFO = NO;
				SDKROOT = iphoneos;
				SWIFT_OPTIMIZATION_LEVEL = "-Owholemodule";
				VALIDATE_PRODUCT = YES;
			};
			name = Release;
		};
		189EB9EE1F95471D00BBDF90 /* Debug */ = {
			isa = XCBuildConfiguration;
			buildSettings = {
				ASSETCATALOG_COMPILER_APPICON_NAME = AppIcon;
				CODE_SIGN_STYLE = Automatic;
				DEVELOPMENT_TEAM = L8E4W5GT7U;
				INFOPLIST_FILE = WayPoints/Info.plist;
				IPHONEOS_DEPLOYMENT_TARGET = 10.0;
				LD_RUNPATH_SEARCH_PATHS = "$(inherited) @executable_path/Frameworks";
				PRODUCT_BUNDLE_IDENTIFIER = jel.WayPoints;
				PRODUCT_NAME = "$(TARGET_NAME)";
				SWIFT_VERSION = 4.0;
				TARGETED_DEVICE_FAMILY = "1,2";
			};
			name = Debug;
		};
		189EB9EF1F95471D00BBDF90 /* Release */ = {
			isa = XCBuildConfiguration;
			buildSettings = {
				ASSETCATALOG_COMPILER_APPICON_NAME = AppIcon;
				CODE_SIGN_STYLE = Automatic;
				DEVELOPMENT_TEAM = L8E4W5GT7U;
				INFOPLIST_FILE = WayPoints/Info.plist;
				IPHONEOS_DEPLOYMENT_TARGET = 10.0;
				LD_RUNPATH_SEARCH_PATHS = "$(inherited) @executable_path/Frameworks";
				PRODUCT_BUNDLE_IDENTIFIER = jel.WayPoints;
				PRODUCT_NAME = "$(TARGET_NAME)";
				SWIFT_VERSION = 4.0;
				TARGETED_DEVICE_FAMILY = "1,2";
			};
			name = Release;
		};
/* End XCBuildConfiguration section */

/* Begin XCConfigurationList section */
		189EB9D31F95471D00BBDF90 /* Build configuration list for PBXProject "WayPoints" */ = {
			isa = XCConfigurationList;
			buildConfigurations = (
				189EB9EB1F95471D00BBDF90 /* Debug */,
				189EB9EC1F95471D00BBDF90 /* Release */,
			);
			defaultConfigurationIsVisible = 0;
			defaultConfigurationName = Release;
		};
		189EB9ED1F95471D00BBDF90 /* Build configuration list for PBXNativeTarget "WayPoints" */ = {
			isa = XCConfigurationList;
			buildConfigurations = (
				189EB9EE1F95471D00BBDF90 /* Debug */,
				189EB9EF1F95471D00BBDF90 /* Release */,
			);
			defaultConfigurationIsVisible = 0;
			defaultConfigurationName = Release;
		};
/* End XCConfigurationList section */

/* Begin XCVersionGroup section */
		189EB9E21F95471D00BBDF90 /* WayPoints.xcdatamodeld */ = {
			isa = XCVersionGroup;
			children = (
				189EB9E31F95471D00BBDF90 /* WayPoints.xcdatamodel */,
			);
			currentVersion = 189EB9E31F95471D00BBDF90 /* WayPoints.xcdatamodel */;
			path = WayPoints.xcdatamodeld;
			sourceTree = "<group>";
			versionGroupType = wrapper.xcdatamodel;
		};
/* End XCVersionGroup section */
	};
	rootObject = 189EB9D01F95471D00BBDF90 /* Project object */;
}
